# This file is automatically @generated by Cargo.
# It is not intended for manual editing.
version = 4

[[package]]
name = "elsa"
version = "1.11.2"
source = "registry+https://github.com/rust-lang/crates.io-index"
checksum = "9abf33c656a7256451ebb7d0082c5a471820c31269e49d807c538c252352186e"
dependencies = [
 "stable_deref_trait",
]

[[package]]
name = "fhe-ir"
version = "0.1.0"
dependencies = [
 "elsa",
 "selfref",
]

[[package]]
name = "selfref"
version = "0.4.3"
source = "registry+https://github.com/rust-lang/crates.io-index"
checksum = "35532f91c7cecdeec311d8458192f4798e3511dd02520004512527e15c3e461b"

[[package]]
name = "stable_deref_trait"
version = "1.2.1"
source = "registry+https://github.com/rust-lang/crates.io-index"
checksum = "6ce2be8dc25455e1f91df71bfa12ad37d7af1092ae736f3a6cd0e37bc7810596"
